
Microsoft Visual Studio Solution File, Format Version 12.00
# Visual Studio Version 17
VisualStudioVersion = 17.4.33213.308
MinimumVisualStudioVersion = 10.0.40219.1
Project("{FAE04EC0-301F-11D3-BF4B-00C04F79EFBC}") = "GpsDataAnalyzer", "GpsDataAnalyzer\GpsDataAnalyzer.csproj", "{028D6C87-AE5D-4481-801A-71EB403486BB}"
EndProject
Global
	GlobalSection(SolutionConfigurationPlatforms) = preSolution
		Debug|Any CPU = Debug|Any CPU
		Release|Any CPU = Release|Any CPU
	EndGlobalSection
	GlobalSection(ProjectConfigurationPlatforms) = postSolution
		{028D6C87-AE5D-4481-801A-71EB403486BB}.Debug|Any CPU.ActiveCfg = Debug|Any CPU
		{028D6C87-AE5D-4481-801A-71EB403486BB}.Debug|Any CPU.Build.0 = Debug|Any CPU
		{028D6C87-AE5D-4481-801A-71EB403486BB}.Release|Any CPU.ActiveCfg = Release|Any CPU
		{028D6C87-AE5D-4481-801A-71EB403486BB}.Release|Any CPU.Build.0 = Release|Any CPU
	EndGlobalSection
	GlobalSection(SolutionProperties) = preSolution
		HideSolutionNode = FALSE
	EndGlobalSection
	GlobalSection(ExtensibilityGlobals) = postSolution
		SolutionGuid = {5B57F9BA-13A4-4A31-BFB5-51FFB6D8A5B7}
	EndGlobalSection
EndGlobal
